version = 1
requires-python = ">=3.12"

[[package]]
name = "arxiv-db"
version = "0.1.0"
source = { virtual = "." }
dependencies = [
    { name = "schedule" },
    { name = "slack-sdk" },
]

[package.metadata]
requires-dist = [
    { name = "schedule", specifier = ">=1.2.2" },
    { name = "slack-sdk", specifier = ">=3.33.1" },
]

[[package]]
name = "schedule"
version = "1.2.2"
source = { registry = "https://pypi.org/simple" }
sdist = { url = "https://files.pythonhosted.org/packages/0c/91/b525790063015759f34447d4cf9d2ccb52cdee0f1dd6ff8764e863bcb74c/schedule-1.2.2.tar.gz", hash = "sha256:15fe9c75fe5fd9b9627f3f19cc0ef1420508f9f9a46f45cd0769ef75ede5f0b7", size = 26452 }
wheels = [
    { url = "https://files.pythonhosted.org/packages/20/a7/84c96b61fd13205f2cafbe263cdb2745965974bdf3e0078f121dfeca5f02/schedule-1.2.2-py3-none-any.whl", hash = "sha256:5bef4a2a0183abf44046ae0d164cadcac21b1db011bdd8102e4a0c1e91e06a7d", size = 12220 },
]

[[package]]
name = "slack-sdk"
version = "3.33.1"
source = { registry = "https://pypi.org/simple" }
sdist = { url = "https://files.pythonhosted.org/packages/3b/42/344970abb81f9b6658431dadf44587fe1a58c7fd594dd7cdf8c9fe34044a/slack_sdk-3.33.1.tar.gz", hash = "sha256:e328bb661d95db5f66b993b1d64288ac7c72201a745b4c7cf8848dafb7b74e40", size = 232106 }
wheels = [
    { url = "https://files.pythonhosted.org/packages/47/fa/28a57858595d75321c5fe2b870793e75933149edd4667d94cfc54db7a383/slack_sdk-3.33.1-py2.py3-none-any.whl", hash = "sha256:ef93beec3ce9c8f64da02fd487598a05ec4bc9c92ceed58f122dbe632691cbe2", size = 291452 },
]
